
Microsoft Visual Studio Solution File, Format Version 12.00
# Visual Studio 15
VisualStudioVersion = 15.0.28010.2050
MinimumVisualStudioVersion = 10.0.40219.1
Project("{FAE04EC0-301F-11D3-BF4B-00C04F79EFBC}") = "SWGOHDataAnalyzer", "SWGOHDataAnalyzer\SWGOHDataAnalyzer.csproj", "{9AE65430-1166-42C4-9F82-2CE21BA4EAFA}"
EndProject
Project("{FAE04EC0-301F-11D3-BF4B-00C04F79EFBC}") = "SWGOHInterface", "SWGOHClient\SWGOHInterface.csproj", "{452ACA04-2F5A-44A5-A7BB-1019F9C7ED7C}"
EndProject
Project("{FAE04EC0-301F-11D3-BF4B-00C04F79EFBC}") = "SWGOHMessageSystem", "MessageSystem\SWGOHMessageSystem.csproj", "{8F00307A-B80A-4450-B388-4395D602D656}"
EndProject
Project("{FAE04EC0-301F-11D3-BF4B-00C04F79EFBC}") = "SWGOHDBInterface", "SWGOHDBInterface\SWGOHDBInterface.csproj", "{88661601-0E1B-44A7-9AD1-948C37FFCD92}"
EndProject
Global
	GlobalSection(SolutionConfigurationPlatforms) = preSolution
		Debug|Any CPU = Debug|Any CPU
		Release|Any CPU = Release|Any CPU
	EndGlobalSection
	GlobalSection(ProjectConfigurationPlatforms) = postSolution
		{9AE65430-1166-42C4-9F82-2CE21BA4EAFA}.Debug|Any CPU.ActiveCfg = Debug|Any CPU
		{9AE65430-1166-42C4-9F82-2CE21BA4EAFA}.Debug|Any CPU.Build.0 = Debug|Any CPU
		{9AE65430-1166-42C4-9F82-2CE21BA4EAFA}.Release|Any CPU.ActiveCfg = Release|Any CPU
		{9AE65430-1166-42C4-9F82-2CE21BA4EAFA}.Release|Any CPU.Build.0 = Release|Any CPU
		{452ACA04-2F5A-44A5-A7BB-1019F9C7ED7C}.Debug|Any CPU.ActiveCfg = Debug|Any CPU
		{452ACA04-2F5A-44A5-A7BB-1019F9C7ED7C}.Debug|Any CPU.Build.0 = Debug|Any CPU
		{452ACA04-2F5A-44A5-A7BB-1019F9C7ED7C}.Release|Any CPU.ActiveCfg = Release|Any CPU
		{452ACA04-2F5A-44A5-A7BB-1019F9C7ED7C}.Release|Any CPU.Build.0 = Release|Any CPU
		{8F00307A-B80A-4450-B388-4395D602D656}.Debug|Any CPU.ActiveCfg = Debug|Any CPU
		{8F00307A-B80A-4450-B388-4395D602D656}.Debug|Any CPU.Build.0 = Debug|Any CPU
		{8F00307A-B80A-4450-B388-4395D602D656}.Release|Any CPU.ActiveCfg = Release|Any CPU
		{8F00307A-B80A-4450-B388-4395D602D656}.Release|Any CPU.Build.0 = Release|Any CPU
		{88661601-0E1B-44A7-9AD1-948C37FFCD92}.Debug|Any CPU.ActiveCfg = Debug|Any CPU
		{88661601-0E1B-44A7-9AD1-948C37FFCD92}.Debug|Any CPU.Build.0 = Debug|Any CPU
		{88661601-0E1B-44A7-9AD1-948C37FFCD92}.Release|Any CPU.ActiveCfg = Release|Any CPU
		{88661601-0E1B-44A7-9AD1-948C37FFCD92}.Release|Any CPU.Build.0 = Release|Any CPU
	EndGlobalSection
	GlobalSection(SolutionProperties) = preSolution
		HideSolutionNode = FALSE
	EndGlobalSection
	GlobalSection(ExtensibilityGlobals) = postSolution
		SolutionGuid = {AB322EE7-416B-47A2-80C7-5D5C107C0078}
	EndGlobalSection
EndGlobal
